
Microsoft Visual Studio Solution File, Format Version 12.00
Project("{FAE04EC0-301F-11D3-BF4B-00C04F79EFBC}") = "lab15", "lab15\lab15.csproj", "{BC5665B9-B1E3-4DB8-B178-B31E5EAE847F}"
EndProject
Project("{FAE04EC0-301F-11D3-BF4B-00C04F79EFBC}") = "TestProject", "TestProject\TestProject.csproj", "{ACF4229B-3A51-4840-81F8-A4C815C69F1B}"
EndProject
Global
	GlobalSection(SolutionConfigurationPlatforms) = preSolution
		Debug|Any CPU = Debug|Any CPU
		Release|Any CPU = Release|Any CPU
	EndGlobalSection
	GlobalSection(ProjectConfigurationPlatforms) = postSolution
		{BC5665B9-B1E3-4DB8-B178-B31E5EAE847F}.Debug|Any CPU.ActiveCfg = Debug|Any CPU
		{BC5665B9-B1E3-4DB8-B178-B31E5EAE847F}.Debug|Any CPU.Build.0 = Debug|Any CPU
		{BC5665B9-B1E3-4DB8-B178-B31E5EAE847F}.Release|Any CPU.ActiveCfg = Release|Any CPU
		{BC5665B9-B1E3-4DB8-B178-B31E5EAE847F}.Release|Any CPU.Build.0 = Release|Any CPU
		{ACF4229B-3A51-4840-81F8-A4C815C69F1B}.Debug|Any CPU.ActiveCfg = Debug|Any CPU
		{ACF4229B-3A51-4840-81F8-A4C815C69F1B}.Debug|Any CPU.Build.0 = Debug|Any CPU
		{ACF4229B-3A51-4840-81F8-A4C815C69F1B}.Release|Any CPU.ActiveCfg = Release|Any CPU
		{ACF4229B-3A51-4840-81F8-A4C815C69F1B}.Release|Any CPU.Build.0 = Release|Any CPU
	EndGlobalSection
EndGlobal
